
Microsoft Visual Studio Solution File, Format Version 12.00
# Visual Studio Version 17
VisualStudioVersion = 17.1.31903.286
MinimumVisualStudioVersion = 10.0.40219.1
Project("{FAE04EC0-301F-11D3-BF4B-00C04F79EFBC}") = "WindowsFormsApp1", "WindowsFormsApp1\WindowsFormsApp1.csproj", "{FCD992B5-8D45-4C57-9B8C-96FB203B1FA3}"
EndProject
Project("{FAE04EC0-301F-11D3-BF4B-00C04F79EFBC}") = "UnitTestVernam", "UnitTestVernam\UnitTestVernam.csproj", "{0470B027-B0E2-4451-A04F-B13280E94096}"
EndProject
Global
	GlobalSection(SolutionConfigurationPlatforms) = preSolution
		Debug|Any CPU = Debug|Any CPU
		Release|Any CPU = Release|Any CPU
	EndGlobalSection
	GlobalSection(ProjectConfigurationPlatforms) = postSolution
		{FCD992B5-8D45-4C57-9B8C-96FB203B1FA3}.Debug|Any CPU.ActiveCfg = Debug|Any CPU
		{FCD992B5-8D45-4C57-9B8C-96FB203B1FA3}.Debug|Any CPU.Build.0 = Debug|Any CPU
		{FCD992B5-8D45-4C57-9B8C-96FB203B1FA3}.Release|Any CPU.ActiveCfg = Release|Any CPU
		{FCD992B5-8D45-4C57-9B8C-96FB203B1FA3}.Release|Any CPU.Build.0 = Release|Any CPU
		{0470B027-B0E2-4451-A04F-B13280E94096}.Debug|Any CPU.ActiveCfg = Debug|Any CPU
		{0470B027-B0E2-4451-A04F-B13280E94096}.Debug|Any CPU.Build.0 = Debug|Any CPU
		{0470B027-B0E2-4451-A04F-B13280E94096}.Release|Any CPU.ActiveCfg = Release|Any CPU
		{0470B027-B0E2-4451-A04F-B13280E94096}.Release|Any CPU.Build.0 = Release|Any CPU
	EndGlobalSection
	GlobalSection(SolutionProperties) = preSolution
		HideSolutionNode = FALSE
	EndGlobalSection
	GlobalSection(ExtensibilityGlobals) = postSolution
		SolutionGuid = {A8311FEF-F120-4B06-897E-6480C97D9FA9}
	EndGlobalSection
EndGlobal
